
Microsoft Visual Studio Solution File, Format Version 12.00
# Visual Studio 15
VisualStudioVersion = 15.0.27703.2042
MinimumVisualStudioVersion = 10.0.40219.1
Project("{9A19103F-16F7-4668-BE54-9A1E7A4F7556}") = "CarePortal.API", "CarePortal.API\CarePortal.API.csproj", "{99B83601-FDA8-44AC-9630-A4F4B82D8A8C}"
EndProject
Project("{9A19103F-16F7-4668-BE54-9A1E7A4F7556}") = "CarePortal.Web", "CarePortal.Web\CarePortal.Web.csproj", "{7822C0F0-57D7-49E9-9C3C-83C255E9F8A9}"
EndProject
Project("{FAE04EC0-301F-11D3-BF4B-00C04F79EFBC}") = "CarePortal.Data", "CarePortal.Data\CarePortal.Data.csproj", "{A2C8412C-8087-43BC-AD8A-CED6A8CF835C}"
EndProject
Global
	GlobalSection(SolutionConfigurationPlatforms) = preSolution
		Debug|Any CPU = Debug|Any CPU
		Release|Any CPU = Release|Any CPU
	EndGlobalSection
	GlobalSection(ProjectConfigurationPlatforms) = postSolution
		{99B83601-FDA8-44AC-9630-A4F4B82D8A8C}.Debug|Any CPU.ActiveCfg = Debug|Any CPU
		{99B83601-FDA8-44AC-9630-A4F4B82D8A8C}.Debug|Any CPU.Build.0 = Debug|Any CPU
		{99B83601-FDA8-44AC-9630-A4F4B82D8A8C}.Release|Any CPU.ActiveCfg = Release|Any CPU
		{99B83601-FDA8-44AC-9630-A4F4B82D8A8C}.Release|Any CPU.Build.0 = Release|Any CPU
		{7822C0F0-57D7-49E9-9C3C-83C255E9F8A9}.Debug|Any CPU.ActiveCfg = Debug|Any CPU
		{7822C0F0-57D7-49E9-9C3C-83C255E9F8A9}.Debug|Any CPU.Build.0 = Debug|Any CPU
		{7822C0F0-57D7-49E9-9C3C-83C255E9F8A9}.Release|Any CPU.ActiveCfg = Release|Any CPU
		{7822C0F0-57D7-49E9-9C3C-83C255E9F8A9}.Release|Any CPU.Build.0 = Release|Any CPU
		{A2C8412C-8087-43BC-AD8A-CED6A8CF835C}.Debug|Any CPU.ActiveCfg = Debug|Any CPU
		{A2C8412C-8087-43BC-AD8A-CED6A8CF835C}.Debug|Any CPU.Build.0 = Debug|Any CPU
		{A2C8412C-8087-43BC-AD8A-CED6A8CF835C}.Release|Any CPU.ActiveCfg = Release|Any CPU
		{A2C8412C-8087-43BC-AD8A-CED6A8CF835C}.Release|Any CPU.Build.0 = Release|Any CPU
	EndGlobalSection
	GlobalSection(SolutionProperties) = preSolution
		HideSolutionNode = FALSE
	EndGlobalSection
	GlobalSection(ExtensibilityGlobals) = postSolution
		SolutionGuid = {5608CD69-BE9C-4879-9F91-F272F2F348BD}
	EndGlobalSection
	GlobalSection(TeamFoundationVersionControl) = preSolution
		SccNumberOfProjects = 4
		SccEnterpriseProvider = {4CA58AB2-18FA-4F8D-95D4-32DDF27D184C}
		SccTeamFoundationServer = http://tfs.pacsquare.com:8080/tfs/pacsquare
		SccLocalPath0 = .
		SccProjectUniqueName1 = CarePortal.API\\CarePortal.API.csproj
		SccProjectName1 = CarePortal.API
		SccLocalPath1 = CarePortal.API
		SccProjectUniqueName2 = CarePortal.Web\\CarePortal.Web.csproj
		SccProjectName2 = CarePortal.Web
		SccLocalPath2 = CarePortal.Web
		SccProjectUniqueName3 = CarePortal.Data\\CarePortal.Data.csproj
		SccProjectName3 = CarePortal.Data
		SccLocalPath3 = CarePortal.Data
	EndGlobalSection
EndGlobal
